
Microsoft Visual Studio Solution File, Format Version 12.00
# Visual Studio Version 17
VisualStudioVersion = 17.5.33424.131
MinimumVisualStudioVersion = 10.0.40219.1
Project("{2150E333-8FDC-42A3-9474-1A3956D46DE8}") = "Tests", "Tests", "{8282C222-D6CE-41EC-A82F-5D362AFBD651}"
EndProject
Project("{9A19103F-16F7-4668-BE54-9A1E7A4F7556}") = "SFA.DAS.Courses.Jobs.UnitTests", "SFA.DAS.Courses.Jobs.UnitTests\SFA.DAS.Courses.Jobs.UnitTests.csproj", "{066F2F11-1CBE-4117-A4FF-20652CA25CE2}"
EndProject
Project("{9A19103F-16F7-4668-BE54-9A1E7A4F7556}") = "SFA.DAS.Courses.Infrastructure", "SFA.DAS.Courses.Infrastructure\SFA.DAS.Courses.Infrastructure.csproj", "{30F95620-A1D7-4C47-8D4E-73FFE199D725}"
EndProject
Project("{9A19103F-16F7-4668-BE54-9A1E7A4F7556}") = "SFA.DAS.Courses.Jobs", "SFA.DAS.Courses.Jobs\SFA.DAS.Courses.Jobs.csproj", "{878032CF-2E25-423A-B023-C31DEA3CFDD4}"
EndProject
Global
	GlobalSection(SolutionConfigurationPlatforms) = preSolution
		Debug|Any CPU = Debug|Any CPU
		Release|Any CPU = Release|Any CPU
	EndGlobalSection
	GlobalSection(ProjectConfigurationPlatforms) = postSolution
		{066F2F11-1CBE-4117-A4FF-20652CA25CE2}.Debug|Any CPU.ActiveCfg = Debug|Any CPU
		{066F2F11-1CBE-4117-A4FF-20652CA25CE2}.Debug|Any CPU.Build.0 = Debug|Any CPU
		{066F2F11-1CBE-4117-A4FF-20652CA25CE2}.Release|Any CPU.ActiveCfg = Release|Any CPU
		{066F2F11-1CBE-4117-A4FF-20652CA25CE2}.Release|Any CPU.Build.0 = Release|Any CPU
		{30F95620-A1D7-4C47-8D4E-73FFE199D725}.Debug|Any CPU.ActiveCfg = Debug|Any CPU
		{30F95620-A1D7-4C47-8D4E-73FFE199D725}.Debug|Any CPU.Build.0 = Debug|Any CPU
		{30F95620-A1D7-4C47-8D4E-73FFE199D725}.Release|Any CPU.ActiveCfg = Release|Any CPU
		{30F95620-A1D7-4C47-8D4E-73FFE199D725}.Release|Any CPU.Build.0 = Release|Any CPU
		{878032CF-2E25-423A-B023-C31DEA3CFDD4}.Debug|Any CPU.ActiveCfg = Debug|Any CPU
		{878032CF-2E25-423A-B023-C31DEA3CFDD4}.Debug|Any CPU.Build.0 = Debug|Any CPU
		{878032CF-2E25-423A-B023-C31DEA3CFDD4}.Release|Any CPU.ActiveCfg = Release|Any CPU
		{878032CF-2E25-423A-B023-C31DEA3CFDD4}.Release|Any CPU.Build.0 = Release|Any CPU
	EndGlobalSection
	GlobalSection(SolutionProperties) = preSolution
		HideSolutionNode = FALSE
	EndGlobalSection
	GlobalSection(NestedProjects) = preSolution
		{066F2F11-1CBE-4117-A4FF-20652CA25CE2} = {8282C222-D6CE-41EC-A82F-5D362AFBD651}
	EndGlobalSection
	GlobalSection(ExtensibilityGlobals) = postSolution
		SolutionGuid = {38E950D2-E919-4CEA-B9BD-A7102F4B75A7}
	EndGlobalSection
EndGlobal
